lockVersion: 2.0.0
id: 2eec773c-33c1-45d3-abeb-b11624e27a59
management:
  docChecksum: bf3b8bbdbb169d9e109393ae2cb2b33d
  docVersion: 1.0.1
  speakeasyVersion: 1.448.2
  generationVersion: 2.467.4
  releaseVersion: 1.0.0
  configChecksum: f043cc16170d33e04891414952de6941
  repoURL: https://github.com/CerebralBlue/neuralseek-python-sdk.git
  installationURL: https://github.com/CerebralBlue/neuralseek-python-sdk.git
  published: true
features:
  python:
    additionalDependencies: 1.0.0
    constsAndDefaults: 1.0.5
    core: 5.6.8
    defaultEnabledRetries: 0.2.0
    devContainers: 3.0.0
    envVarSecurityUsage: 0.3.2
    flattening: 3.1.0
    globalSecurity: 3.0.2
    globalSecurityCallbacks: 1.0.0
    globalSecurityFlattening: 1.0.0
    globalServerURLs: 3.0.0
    groups: 3.0.0
    methodArguments: 1.0.2
    multipartFileContentType: 1.0.0
    nameOverrides: 3.0.0
    responseFormat: 1.0.1
    retries: 3.0.2
    sdkHooks: 1.0.0
    serverEvents: 1.0.6
    uploadStreams: 1.0.0
generatedFiles:
  - .devcontainer/README.md
  - .devcontainer/devcontainer.json
  - .devcontainer/setup.sh
  - .gitattributes
  - .python-version
  - .vscode/settings.json
  - CONTRIBUTING.md
  - USAGE.md
  - docs/models/analyticsrequestbody.md
  - docs/models/answerratingsrequestbody.md
  - docs/models/answerratingsresponsebody.md
  - docs/models/categorizerequestbody.md
  - docs/models/categorizeresponsebody.md
  - docs/models/data.md
  - docs/models/deleteuserdatarequest.md
  - docs/models/extractedentities.md
  - docs/models/extractentitiesrequestbody.md
  - docs/models/extractentitiesresponsebody.md
  - docs/models/extractentitiesslots.md
  - docs/models/file.md
  - docs/models/identifylanguagejsonrequestbody.md
  - docs/models/identifylanguagejsonresponsebody.md
  - docs/models/lastturn.md
  - docs/models/logsrequestbody.md
  - docs/models/logsresponsebody.md
  - docs/models/maistrolastturn.md
  - docs/models/maistrooptions.md
  - docs/models/maistroparams.md
  - docs/models/maistrorequest.md
  - docs/models/maistrorequestbody.md
  - docs/models/maistroresponsebody.md
  - docs/models/maistrostreamlastturn.md
  - docs/models/maistrostreamoptions.md
  - docs/models/maistrostreamparams.md
  - docs/models/maistrostreamrender.md
  - docs/models/maistrostreamrequestbody.md
  - docs/models/maistrostreamresponsebody.md
  - docs/models/maistrostreamvariables.md
  - docs/models/maistrostreamvariablesexpanded.md
  - docs/models/maistrostreamvars.md
  - docs/models/maistrovariables.md
  - docs/models/maistrovariablesexpanded.md
  - docs/models/metadata.md
  - docs/models/options.md
  - docs/models/otpresponsebody.md
  - docs/models/params.md
  - docs/models/passages.md
  - docs/models/personalize.md
  - docs/models/piirequestbody.md
  - docs/models/piiresponsebody.md
  - docs/models/raterequestbody.md
  - docs/models/render.md
  - docs/models/responsebody.md
  - docs/models/scorerequestbody.md
  - docs/models/security.md
  - docs/models/seek.md
  - docs/models/seekresponse.md
  - docs/models/seekstreamlastturn.md
  - docs/models/seekstreammetadata.md
  - docs/models/seekstreamoptions.md
  - docs/models/seekstreamparams.md
  - docs/models/seekstreampersonalize.md
  - docs/models/seekstreamrequestbody.md
  - docs/models/seekstreamresponsebody.md
  - docs/models/seekstreamsystem.md
  - docs/models/seekstreamusersession.md
  - docs/models/sentences.md
  - docs/models/slots.md
  - docs/models/system.md
  - docs/models/testjsonrequestbody.md
  - docs/models/testmultipartfile.md
  - docs/models/testmultipartrequestbody.md
  - docs/models/topintents.md
  - docs/models/trainrequestbody.md
  - docs/models/translateglossaryjsonrequestbody.md
  - docs/models/translateglossarymultipartrequestbody.md
  - docs/models/translaterequestbody.md
  - docs/models/translateresponsebody.md
  - docs/models/translations.md
  - docs/models/usersession.md
  - docs/models/utils/retryconfig.md
  - docs/models/variables.md
  - docs/models/variablesexpanded.md
  - docs/models/vars.md
  - docs/sdks/analytics/README.md
  - docs/sdks/answerratings/README.md
  - docs/sdks/categorize/README.md
  - docs/sdks/extractentities/README.md
  - docs/sdks/findpii/README.md
  - docs/sdks/identifylanguage/README.md
  - docs/sdks/identifylanguagejson/README.md
  - docs/sdks/keycheck/README.md
  - docs/sdks/logs/README.md
  - docs/sdks/maistro/README.md
  - docs/sdks/neuralseek/README.md
  - docs/sdks/onetimepassword/README.md
  - docs/sdks/rate/README.md
  - docs/sdks/score/README.md
  - docs/sdks/seeksdk/README.md
  - docs/sdks/servicetest/README.md
  - docs/sdks/testquestions/README.md
  - docs/sdks/testresults/README.md
  - docs/sdks/train/README.md
  - docs/sdks/translate/README.md
  - docs/sdks/translationglossary/README.md
  - docs/sdks/userdata/README.md
  - poetry.toml
  - py.typed
  - pylintrc
  - pyproject.toml
  - scripts/prepare-readme.py
  - scripts/publish.sh
  - src/neuralseek/__init__.py
  - src/neuralseek/_hooks/__init__.py
  - src/neuralseek/_hooks/sdkhooks.py
  - src/neuralseek/_hooks/types.py
  - src/neuralseek/_version.py
  - src/neuralseek/analytics.py
  - src/neuralseek/answerratings.py
  - src/neuralseek/basesdk.py
  - src/neuralseek/categorize.py
  - src/neuralseek/extractentities.py
  - src/neuralseek/findpii.py
  - src/neuralseek/httpclient.py
  - src/neuralseek/identifylanguage.py
  - src/neuralseek/identifylanguagejson.py
  - src/neuralseek/keycheck.py
  - src/neuralseek/logs.py
  - src/neuralseek/maistro.py
  - src/neuralseek/models/__init__.py
  - src/neuralseek/models/analyticsop.py
  - src/neuralseek/models/answerratingsop.py
  - src/neuralseek/models/apierror.py
  - src/neuralseek/models/categorizeop.py
  - src/neuralseek/models/deleteuserdataop.py
  - src/neuralseek/models/extractentitiesop.py
  - src/neuralseek/models/identifylanguagejsonop.py
  - src/neuralseek/models/identifylanguageop.py
  - src/neuralseek/models/logsop.py
  - src/neuralseek/models/maistro_streamop.py
  - src/neuralseek/models/maistroop.py
  - src/neuralseek/models/otpop.py
  - src/neuralseek/models/piiop.py
  - src/neuralseek/models/rateop.py
  - src/neuralseek/models/scoreop.py
  - src/neuralseek/models/security.py
  - src/neuralseek/models/seek.py
  - src/neuralseek/models/seek_response.py
  - src/neuralseek/models/seek_streamop.py
  - src/neuralseek/models/test_jsonop.py
  - src/neuralseek/models/test_multipartop.py
  - src/neuralseek/models/trainop.py
  - src/neuralseek/models/translateglossary_jsonop.py
  - src/neuralseek/models/translateglossary_multipartop.py
  - src/neuralseek/models/translateop.py
  - src/neuralseek/onetimepassword.py
  - src/neuralseek/py.typed
  - src/neuralseek/rate.py
  - src/neuralseek/score.py
  - src/neuralseek/sdk.py
  - src/neuralseek/sdkconfiguration.py
  - src/neuralseek/seek_sdk.py
  - src/neuralseek/servicetest.py
  - src/neuralseek/testquestions.py
  - src/neuralseek/testresults.py
  - src/neuralseek/train.py
  - src/neuralseek/translate.py
  - src/neuralseek/translationglossary.py
  - src/neuralseek/types/__init__.py
  - src/neuralseek/types/basemodel.py
  - src/neuralseek/userdata.py
  - src/neuralseek/utils/__init__.py
  - src/neuralseek/utils/annotations.py
  - src/neuralseek/utils/enums.py
  - src/neuralseek/utils/eventstreaming.py
  - src/neuralseek/utils/forms.py
  - src/neuralseek/utils/headers.py
  - src/neuralseek/utils/logger.py
  - src/neuralseek/utils/metadata.py
  - src/neuralseek/utils/queryparams.py
  - src/neuralseek/utils/requestbodies.py
  - src/neuralseek/utils/retries.py
  - src/neuralseek/utils/security.py
  - src/neuralseek/utils/serializers.py
  - src/neuralseek/utils/url.py
  - src/neuralseek/utils/values.py
examples:
  seek:
    speakeasy-default-seek:
      responses:
        "200":
          application/json: {"score": 890691}
  seek_stream: {}
  categorize: {}
  maistro: {}
  maistro_stream: {}
  ExtractEntities:
    speakeasy-default-extract-entities:
      requestBody:
        application/json: {"entities": "[{\"name\":\"dog-breeds\",\"description\":\"Types of Dogs\", \"format\":\"string\"}]"}
      responses:
        "200":
          application/json: {}
  Translate: {}
  translateGlossary: {}
  deleteTranslateGlossary: {}
  IdentifyLanguage:
    speakeasy-default-identify-language:
      requestBody:
        text/plain: ""
      responses:
        "200":
          application/json: []
  IdentifyLanguageJSON: {}
  pii: {}
  rate: {}
  answerRatings: {}
  score: {}
  train: {}
  servicetest: {}
  test: {}
  getTestResults: {}
  analytics: {}
  logs: {}
  otp: {}
  deleteUserData: {}
  keycheck: {}
generatedTests: {}
