speakeasyVersion: 1.504.0
sources:
    NeuralSeek:
        sourceNamespace: neuralseek
        sourceRevisionDigest: sha256:faf6448c4bffbed0cd5f3cd56f3b968829deaac9bb4052d5c093329bd59d2afd
        sourceBlobDigest: sha256:662e670b4120b87ec2c5c1606d6aeaf02777e6ca8db809906fd0d061d8ac84b8
        tags:
            - latest
            - speakeasy-sdk-regen-1740516323
            - 1.0.1
targets:
    neuralseek:
        source: NeuralSeek
        sourceNamespace: neuralseek
        sourceRevisionDigest: sha256:faf6448c4bffbed0cd5f3cd56f3b968829deaac9bb4052d5c093329bd59d2afd
        sourceBlobDigest: sha256:662e670b4120b87ec2c5c1606d6aeaf02777e6ca8db809906fd0d061d8ac84b8
        codeSamplesNamespace: neuralseek-python-code-samples
        codeSamplesRevisionDigest: sha256:57574e6ea007d9d005581ae7b2f985e2ad9bd1e7e43e92d48c575c36fcc26f9c
workflow:
    workflowVersion: 1.0.0
    speakeasyVersion: latest
    sources:
        NeuralSeek:
            inputs:
                - location: ./api.json
            overlays:
                - location: .speakeasy/speakeasy-modifications-overlay.yaml
            registry:
                location: registry.speakeasyapi.dev/neuralseek/sdk/neuralseek
    targets:
        neuralseek:
            target: python
            source: NeuralSeek
            publish:
                pypi:
                    token: $pypi_token
            codeSamples:
                registry:
                    location: registry.speakeasyapi.dev/neuralseek/sdk/neuralseek-python-code-samples
                blocking: false
