speakeasyVersion: 1.448.2
sources:
    NeuralSeek:
        sourceNamespace: neuralseek
        sourceRevisionDigest: sha256:d81b8712f7184f66896ec760c60424e522865341fd3bffee45d91325e71607b8
        sourceBlobDigest: sha256:7c9eba212ae84f98855cb754977cfd900a32d9e94a475b7e092c99ab1910844e
        tags:
            - latest
            - speakeasy-sdk-regen-1733081408
            - 1.0.1
targets:
    neuralseek:
        source: NeuralSeek
        sourceNamespace: neuralseek
        sourceRevisionDigest: sha256:d81b8712f7184f66896ec760c60424e522865341fd3bffee45d91325e71607b8
        sourceBlobDigest: sha256:7c9eba212ae84f98855cb754977cfd900a32d9e94a475b7e092c99ab1910844e
        codeSamplesNamespace: neural-seek-python-code-samples
        codeSamplesRevisionDigest: sha256:bf86361682e04b80d48460be9b37e4a8a22d02c0c6e1be6bef0ef47d3ce3f95c
workflow:
    workflowVersion: 1.0.0
    speakeasyVersion: latest
    sources:
        NeuralSeek:
            inputs:
                - location: ./api.json
            overlays:
                - location: .speakeasy/speakeasy-modifications-overlay.yaml
            registry:
                location: registry.speakeasyapi.dev/neuralseek/sdk/neuralseek
    targets:
        neuralseek:
            target: python
            source: NeuralSeek
            codeSamples:
                registry:
                    location: registry.speakeasyapi.dev/neuralseek/sdk/neural-seek-python-code-samples
                blocking: false
